
Microsoft Visual Studio Solution File, Format Version 12.00
# Visual Studio Version 17
VisualStudioVersion = 17.5.33516.290
MinimumVisualStudioVersion = 10.0.40219.1
Project("{9A19103F-16F7-4668-BE54-9A1E7A4F7556}") = "GravGrongle", "GravGrongle.csproj", "{1BDF1E3C-918A-4A00-9352-5B6EFAAAED41}"
EndProject
Global
	GlobalSection(SolutionConfigurationPlatforms) = preSolution
		Debug|Any CPU = Debug|Any CPU
		Release|Any CPU = Release|Any CPU
	EndGlobalSection
	GlobalSection(ProjectConfigurationPlatforms) = postSolution
		{1BDF1E3C-918A-4A00-9352-5B6EFAAAED41}.Debug|Any CPU.ActiveCfg = Debug|Any CPU
		{1BDF1E3C-918A-4A00-9352-5B6EFAAAED41}.Debug|Any CPU.Build.0 = Debug|Any CPU
		{1BDF1E3C-918A-4A00-9352-5B6EFAAAED41}.Release|Any CPU.ActiveCfg = Release|Any CPU
		{1BDF1E3C-918A-4A00-9352-5B6EFAAAED41}.Release|Any CPU.Build.0 = Release|Any CPU
	EndGlobalSection
	GlobalSection(SolutionProperties) = preSolution
		HideSolutionNode = FALSE
	EndGlobalSection
	GlobalSection(ExtensibilityGlobals) = postSolution
		SolutionGuid = {737E736E-44C9-440C-91A8-90C97AC18A44}
	EndGlobalSection
EndGlobal
